DEPENDENCIES
  opsworks_rails_secrets
    git: git://github.com/hyperventures/opsworks_rails_secrets.git
    revision: 4fcc5c875649563c5e67a14305ce708419f6b9de
  opsworks_sidekiq
    git: git://github.com/drakerlabs/opsworks_sidekiq.git
    revision: 7879bc614f36c25ba93712e60d8a3711885bdd3a

GRAPH
  opsworks_rails_secrets (0.1.0)
  opsworks_sidekiq (0.0.0)
